// !$*UTF8*$!
{
	archiveVersion = 1;
	classes = {
	};
	objectVersion = 46;
	objects = {

/* Begin PBXBuildFile section */
		39AD9CB81AA715F9005B76CA /* AppDelegate.swift in Sources */ = {isa = PBXBuildFile; fileRef = 39AD9CB71AA715F9005B76CA /* AppDelegate.swift */; };
		39AD9CBA1AA715F9005B76CA /* ViewController.swift in Sources */ = {isa = PBXBuildFile; fileRef = 39AD9CB91AA715F9005B76CA /* ViewController.swift */; };
		39AD9CBD1AA715F9005B76CA /* Main.storyboard in Resources */ = {isa = PBXBuildFile; fileRef = 39AD9CBB1AA715F9005B76CA /* Main.storyboard */; };
		39AD9CBF1AA715F9005B76CA /* Images.xcassets in Resources */ = {isa = PBXBuildFile; fileRef = 39AD9CBE1AA715F9005B76CA /* Images.xcassets */; };
		39AD9CC21AA715F9005B76CA /* LaunchScreen.xib in Resources */ = {isa = PBXBuildFile; fileRef = 39AD9CC01AA715F9005B76CA /* LaunchScreen.xib */; };
		39AD9CCE1AA715F9005B76CA /* TodoAppTests.swift in Sources */ = {isa = PBXBuildFile; fileRef = 39AD9CCD1AA715F9005B76CA /* TodoAppTests.swift */; };
		39AD9CD81AA71629005B76CA /* TodoTableViewController.swift in Sources */ = {isa = PBXBuildFile; fileRef = 39AD9CD71AA71629005B76CA /* TodoTableViewController.swift */; };
		39AD9CDE1AA71F1B005B76CA /* TodoDataManager.swift in Sources */ = {isa = PBXBuildFile; fileRef = 39AD9CDD1AA71F1B005B76CA /* TodoDataManager.swift */; };
/* End PBXBuildFile section */

/* Begin PBXContainerItemProxy section */
		39AD9CC81AA715F9005B76CA /* PBXContainerItemProxy */ = {
			isa = PBXContainerItemProxy;
			containerPortal = 39AD9CAA1AA715F9005B76CA /* Project object */;
			proxyType = 1;
			remoteGlobalIDString = 39AD9CB11AA715F9005B76CA;
			remoteInfo = TodoApp;
		};
/* End PBXContainerItemProxy section */

/* Begin PBXFileReference section */
		39AD9CB21AA715F9005B76CA /* TodoApp.app */ = {isa = PBXFileReference; explicitFileType = wrapper.application; includeInIndex = 0; path = TodoApp.app; sourceTree = BUILT_PRODUCTS_DIR; };
		39AD9CB61AA715F9005B76CA /* Info.plist */ = {isa = PBXFileReference; lastKnownFileType = text.plist.xml; path = Info.plist; sourceTree = "<group>"; };
		39AD9CB71AA715F9005B76CA /* AppDelegate.swift */ = {isa = PBXFileReference; lastKnownFileType = sourcecode.swift; path = AppDelegate.swift; sourceTree = "<group>"; };
		39AD9CB91AA715F9005B76CA /* ViewController.swift */ = {isa = PBXFileReference; lastKnownFileType = sourcecode.swift; path = ViewController.swift; sourceTree = "<group>"; };
		39AD9CBC1AA715F9005B76CA /* Base */ = {isa = PBXFileReference; lastKnownFileType = file.storyboard; name = Base; path = Base.lproj/Main.storyboard; sourceTree = "<group>"; };
		39AD9CBE1AA715F9005B76CA /* Images.xcassets */ = {isa = PBXFileReference; lastKnownFileType = folder.assetcatalog; path = Images.xcassets; sourceTree = "<group>"; };
		39AD9CC11AA715F9005B76CA /* Base */ = {isa = PBXFileReference; lastKnownFileType = file.xib; name = Base; path = Base.lproj/LaunchScreen.xib; sourceTree = "<group>"; };
		39AD9CC71AA715F9005B76CA /* TodoAppTests.xctest */ = {isa = PBXFileReference; explicitFileType = wrapper.cfbundle; includeInIndex = 0; path = TodoAppTests.xctest; sourceTree = BUILT_PRODUCTS_DIR; };
		39AD9CCC1AA715F9005B76CA /* Info.plist */ = {isa = PBXFileReference; lastKnownFileType = text.plist.xml; path = Info.plist; sourceTree = "<group>"; };
		39AD9CCD1AA715F9005B76CA /* TodoAppTests.swift */ = {isa = PBXFileReference; lastKnownFileType = sourcecode.swift; path = TodoAppTests.swift; sourceTree = "<group>"; };
		39AD9CD71AA71629005B76CA /* TodoTableViewController.swift */ = {isa = PBXFileReference; fileEncoding = 4; lastKnownFileType = sourcecode.swift; path = TodoTableViewController.swift; sourceTree = "<group>"; };
		39AD9CDD1AA71F1B005B76CA /* TodoDataManager.swift */ = {isa = PBXFileReference; fileEncoding = 4; lastKnownFileType = sourcecode.swift; path = TodoDataManager.swift; sourceTree = "<group>"; };
/* End PBXFileReference section */

/* Begin PBXFrameworksBuildPhase section */
		39AD9CAF1AA715F9005B76CA /* Frameworks */ = {
			isa = PBXFrameworksBuildPhase;
			buildActionMask = 2147483647;
			files = (
			);
			runOnlyForDeploymentPostprocessing = 0;
		};
		39AD9CC41AA715F9005B76CA /* Frameworks */ = {
			isa = PBXFrameworksBuildPhase;
			buildActionMask = 2147483647;
			files = (
			);
			runOnlyForDeploymentPostprocessing = 0;
		};
/* End PBXFrameworksBuildPhase section */

/* Begin PBXGroup section */
		39AD9CA91AA715F9005B76CA = {
			isa = PBXGroup;
			children = (
				39AD9CB41AA715F9005B76CA /* TodoApp */,
				39AD9CCA1AA715F9005B76CA /* TodoAppTests */,
				39AD9CB31AA715F9005B76CA /* Products */,
			);
			sourceTree = "<group>";
		};
		39AD9CB31AA715F9005B76CA /* Products */ = {
			isa = PBXGroup;
			children = (
				39AD9CB21AA715F9005B76CA /* TodoApp.app */,
				39AD9CC71AA715F9005B76CA /* TodoAppTests.xctest */,
			);
			name = Products;
			sourceTree = "<group>";
		};
		39AD9CB41AA715F9005B76CA /* TodoApp */ = {
			isa = PBXGroup;
			children = (
				39AD9CB71AA715F9005B76CA /* AppDelegate.swift */,
				39AD9CB91AA715F9005B76CA /* ViewController.swift */,
				39AD9CBB1AA715F9005B76CA /* Main.storyboard */,
				39AD9CBE1AA715F9005B76CA /* Images.xcassets */,
				39AD9CC01AA715F9005B76CA /* LaunchScreen.xib */,
				39AD9CB51AA715F9005B76CA /* Supporting Files */,
				39AD9CD71AA71629005B76CA /* TodoTableViewController.swift */,
				39AD9CDD1AA71F1B005B76CA /* TodoDataManager.swift */,
			);
			path = TodoApp;
			sourceTree = "<group>";
		};
		39AD9CB51AA715F9005B76CA /* Supporting Files */ = {
			isa = PBXGroup;
			children = (
				39AD9CB61AA715F9005B76CA /* Info.plist */,
			);
			name = "Supporting Files";
			sourceTree = "<group>";
		};
		39AD9CCA1AA715F9005B76CA /* TodoAppTests */ = {
			isa = PBXGroup;
			children = (
				39AD9CCD1AA715F9005B76CA /* TodoAppTests.swift */,
				39AD9CCB1AA715F9005B76CA /* Supporting Files */,
			);
			path = TodoAppTests;
			sourceTree = "<group>";
		};
		39AD9CCB1AA715F9005B76CA /* Supporting Files */ = {
			isa = PBXGroup;
			children = (
				39AD9CCC1AA715F9005B76CA /* Info.plist */,
			);
			name = "Supporting Files";
			sourceTree = "<group>";
		};
/* End PBXGroup section */

/* Begin PBXNativeTarget section */
		39AD9CB11AA715F9005B76CA /* TodoApp */ = {
			isa = PBXNativeTarget;
			buildConfigurationList = 39AD9CD11AA715F9005B76CA /* Build configuration list for PBXNativeTarget "TodoApp" */;
			buildPhases = (
				39AD9CAE1AA715F9005B76CA /* Sources */,
				39AD9CAF1AA715F9005B76CA /* Frameworks */,
				39AD9CB01AA715F9005B76CA /* Resources */,
			);
			buildRules = (
			);
			dependencies = (
			);
			name = TodoApp;
			productName = TodoApp;
			productReference = 39AD9CB21AA715F9005B76CA /* TodoApp.app */;
			productType = "com.apple.product-type.application";
		};
		39AD9CC61AA715F9005B76CA /* TodoAppTests */ = {
			isa = PBXNativeTarget;
			buildConfigurationList = 39AD9CD41AA715F9005B76CA /* Build configuration list for PBXNativeTarget "TodoAppTests" */;
			buildPhases = (
				39AD9CC31AA715F9005B76CA /* Sources */,
				39AD9CC41AA715F9005B76CA /* Frameworks */,
				39AD9CC51AA715F9005B76CA /* Resources */,
			);
			buildRules = (
			);
			dependencies = (
				39AD9CC91AA715F9005B76CA /* PBXTargetDependency */,
			);
			name = TodoAppTests;
			productName = TodoAppTests;
			productReference = 39AD9CC71AA715F9005B76CA /* TodoAppTests.xctest */;
			productType = "com.apple.product-type.bundle.unit-test";
		};
/* End PBXNativeTarget section */

/* Begin PBXProject section */
		39AD9CAA1AA715F9005B76CA /* Project object */ = {
			isa = PBXProject;
			attributes = {
				LastUpgradeCheck = 0610;
				ORGANIZATIONNAME = "三井 健史";
				TargetAttributes = {
					39AD9CB11AA715F9005B76CA = {
						CreatedOnToolsVersion = 6.1.1;
					};
					39AD9CC61AA715F9005B76CA = {
						CreatedOnToolsVersion = 6.1.1;
						TestTargetID = 39AD9CB11AA715F9005B76CA;
					};
				};
			};
			buildConfigurationList = 39AD9CAD1AA715F9005B76CA /* Build configuration list for PBXProject "TodoApp" */;
			compatibilityVersion = "Xcode 3.2";
			developmentRegion = English;
			hasScannedForEncodings = 0;
			knownRegions = (
				en,
				Base,
			);
			mainGroup = 39AD9CA91AA715F9005B76CA;
			productRefGroup = 39AD9CB31AA715F9005B76CA /* Products */;
			projectDirPath = "";
			projectRoot = "";
			targets = (
				39AD9CB11AA715F9005B76CA /* TodoApp */,
				39AD9CC61AA715F9005B76CA /* TodoAppTests */,
			);
		};
/* End PBXProject section */

/* Begin PBXResourcesBuildPhase section */
		39AD9CB01AA715F9005B76CA /* Resources */ = {
			isa = PBXResourcesBuildPhase;
			buildActionMask = 2147483647;
			files = (
				39AD9CBD1AA715F9005B76CA /* Main.storyboard in Resources */,
				39AD9CC21AA715F9005B76CA /* LaunchScreen.xib in Resources */,
				39AD9CBF1AA715F9005B76CA /* Images.xcassets in Resources */,
			);
			runOnlyForDeploymentPostprocessing = 0;
		};
		39AD9CC51AA715F9005B76CA /* Resources */ = {
			isa = PBXResourcesBuildPhase;
			buildActionMask = 2147483647;
			files = (
			);
			runOnlyForDeploymentPostprocessing = 0;
		};
/* End PBXResourcesBuildPhase section */

/* Begin PBXSourcesBuildPhase section */
		39AD9CAE1AA715F9005B76CA /* Sources */ = {
			isa = PBXSourcesBuildPhase;
			buildActionMask = 2147483647;
			files = (
				39AD9CBA1AA715F9005B76CA /* ViewController.swift in Sources */,
				39AD9CD81AA71629005B76CA /* TodoTableViewController.swift in Sources */,
				39AD9CB81AA715F9005B76CA /* AppDelegate.swift in Sources */,
				39AD9CDE1AA71F1B005B76CA /* TodoDataManager.swift in Sources */,
			);
			runOnlyForDeploymentPostprocessing = 0;
		};
		39AD9CC31AA715F9005B76CA /* Sources */ = {
			isa = PBXSourcesBuildPhase;
			buildActionMask = 2147483647;
			files = (
				39AD9CCE1AA715F9005B76CA /* TodoAppTests.swift in Sources */,
			);
			runOnlyForDeploymentPostprocessing = 0;
		};
/* End PBXSourcesBuildPhase section */

/* Begin PBXTargetDependency section */
		39AD9CC91AA715F9005B76CA /* PBXTargetDependency */ = {
			isa = PBXTargetDependency;
			target = 39AD9CB11AA715F9005B76CA /* TodoApp */;
			targetProxy = 39AD9CC81AA715F9005B76CA /* PBXContainerItemProxy */;
		};
/* End PBXTargetDependency section */

/* Begin PBXVariantGroup section */
		39AD9CBB1AA715F9005B76CA /* Main.storyboard */ = {
			isa = PBXVariantGroup;
			children = (
				39AD9CBC1AA715F9005B76CA /* Base */,
			);
			name = Main.storyboard;
			sourceTree = "<group>";
		};
		39AD9CC01AA715F9005B76CA /* LaunchScreen.xib */ = {
			isa = PBXVariantGroup;
			children = (
				39AD9CC11AA715F9005B76CA /* Base */,
			);
			name = LaunchScreen.xib;
			sourceTree = "<group>";
		};
/* End PBXVariantGroup section */

/* Begin XCBuildConfiguration section */
		39AD9CCF1AA715F9005B76CA /* Debug */ = {
			isa = XCBuildConfiguration;
			buildSettings = {
				ALWAYS_SEARCH_USER_PATHS = NO;
				CLANG_CXX_LANGUAGE_STANDARD = "gnu++0x";
				CLANG_CXX_LIBRARY = "libc++";
				CLANG_ENABLE_MODULES = YES;
				CLANG_ENABLE_OBJC_ARC = YES;
				CLANG_WARN_BOOL_CONVERSION = YES;
				CLANG_WARN_CONSTANT_CONVERSION = YES;
				CLANG_WARN_DIRECT_OBJC_ISA_USAGE = YES_ERROR;
				CLANG_WARN_EMPTY_BODY = YES;
				CLANG_WARN_ENUM_CONVERSION = YES;
				CLANG_WARN_INT_CONVERSION = YES;
				CLANG_WARN_OBJC_ROOT_CLASS = YES_ERROR;
				CLANG_WARN_UNREACHABLE_CODE = YES;
				CLANG_WARN__DUPLICATE_METHOD_MATCH = YES;
				"CODE_SIGN_IDENTITY[sdk=iphoneos*]" = "iPhone Developer";
				COPY_PHASE_STRIP = NO;
				ENABLE_STRICT_OBJC_MSGSEND = YES;
				GCC_C_LANGUAGE_STANDARD = gnu99;
				GCC_DYNAMIC_NO_PIC = NO;
				GCC_OPTIMIZATION_LEVEL = 0;
				GCC_PREPROCESSOR_DEFINITIONS = (
					"DEBUG=1",
					"$(inherited)",
				);
				GCC_SYMBOLS_PRIVATE_EXTERN = NO;
				GCC_WARN_64_TO_32_BIT_CONVERSION = YES;
				GCC_WARN_ABOUT_RETURN_TYPE = YES_ERROR;
				GCC_WARN_UNDECLARED_SELECTOR = YES;
				GCC_WARN_UNINITIALIZED_AUTOS = YES_AGGRESSIVE;
				GCC_WARN_UNUSED_FUNCTION = YES;
				GCC_WARN_UNUSED_VARIABLE = YES;
				IPHONEOS_DEPLOYMENT_TARGET = 8.1;
				MTL_ENABLE_DEBUG_INFO = YES;
				ONLY_ACTIVE_ARCH = YES;
				SDKROOT = iphoneos;
				SWIFT_OPTIMIZATION_LEVEL = "-Onone";
			};
			name = Debug;
		};
		39AD9CD01AA715F9005B76CA /* Release */ = {
			isa = XCBuildConfiguration;
			buildSettings = {
				ALWAYS_SEARCH_USER_PATHS = NO;
				CLANG_CXX_LANGUAGE_STANDARD = "gnu++0x";
				CLANG_CXX_LIBRARY = "libc++";
				CLANG_ENABLE_MODULES = YES;
				CLANG_ENABLE_OBJC_ARC = YES;
				CLANG_WARN_BOOL_CONVERSION = YES;
				CLANG_WARN_CONSTANT_CONVERSION = YES;
				CLANG_WARN_DIRECT_OBJC_ISA_USAGE = YES_ERROR;
				CLANG_WARN_EMPTY_BODY = YES;
				CLANG_WARN_ENUM_CONVERSION = YES;
				CLANG_WARN_INT_CONVERSION = YES;
				CLANG_WARN_OBJC_ROOT_CLASS = YES_ERROR;
				CLANG_WARN_UNREACHABLE_CODE = YES;
				CLANG_WARN__DUPLICATE_METHOD_MATCH = YES;
				"CODE_SIGN_IDENTITY[sdk=iphoneos*]" = "iPhone Developer";
				COPY_PHASE_STRIP = YES;
				ENABLE_NS_ASSERTIONS = NO;
				ENABLE_STRICT_OBJC_MSGSEND = YES;
				GCC_C_LANGUAGE_STANDARD = gnu99;
				GCC_WARN_64_TO_32_BIT_CONVERSION = YES;
				GCC_WARN_ABOUT_RETURN_TYPE = YES_ERROR;
				GCC_WARN_UNDECLARED_SELECTOR = YES;
				GCC_WARN_UNINITIALIZED_AUTOS = YES_AGGRESSIVE;
				GCC_WARN_UNUSED_FUNCTION = YES;
				GCC_WARN_UNUSED_VARIABLE = YES;
				IPHONEOS_DEPLOYMENT_TARGET = 8.1;
				MTL_ENABLE_DEBUG_INFO = NO;
				SDKROOT = iphoneos;
				VALIDATE_PRODUCT = YES;
			};
			name = Release;
		};
		39AD9CD21AA715F9005B76CA /* Debug */ = {
			isa = XCBuildConfiguration;
			buildSettings = {
				ASSETCATALOG_COMPILER_APPICON_NAME = AppIcon;
				INFOPLIST_FILE = TodoApp/Info.plist;
				LD_RUNPATH_SEARCH_PATHS = "$(inherited) @executable_path/Frameworks";
				PRODUCT_NAME = "$(TARGET_NAME)";
			};
			name = Debug;
		};
		39AD9CD31AA715F9005B76CA /* Release */ = {
			isa = XCBuildConfiguration;
			buildSettings = {
				ASSETCATALOG_COMPILER_APPICON_NAME = AppIcon;
				INFOPLIST_FILE = TodoApp/Info.plist;
				LD_RUNPATH_SEARCH_PATHS = "$(inherited) @executable_path/Frameworks";
				PRODUCT_NAME = "$(TARGET_NAME)";
			};
			name = Release;
		};
		39AD9CD51AA715F9005B76CA /* Debug */ = {
			isa = XCBuildConfiguration;
			buildSettings = {
				BUNDLE_LOADER = "$(TEST_HOST)";
				FRAMEWORK_SEARCH_PATHS = (
					"$(SDKROOT)/Developer/Library/Frameworks",
					"$(inherited)",
				);
				GCC_PREPROCESSOR_DEFINITIONS = (
					"DEBUG=1",
					"$(inherited)",
				);
				INFOPLIST_FILE = TodoAppTests/Info.plist;
				LD_RUNPATH_SEARCH_PATHS = "$(inherited) @executable_path/Frameworks @loader_path/Frameworks";
				PRODUCT_NAME = "$(TARGET_NAME)";
				TEST_HOST = "$(BUILT_PRODUCTS_DIR)/TodoApp.app/TodoApp";
			};
			name = Debug;
		};
		39AD9CD61AA715F9005B76CA /* Release */ = {
			isa = XCBuildConfiguration;
			buildSettings = {
				BUNDLE_LOADER = "$(TEST_HOST)";
				FRAMEWORK_SEARCH_PATHS = (
					"$(SDKROOT)/Developer/Library/Frameworks",
					"$(inherited)",
				);
				INFOPLIST_FILE = TodoAppTests/Info.plist;
				LD_RUNPATH_SEARCH_PATHS = "$(inherited) @executable_path/Frameworks @loader_path/Frameworks";
				PRODUCT_NAME = "$(TARGET_NAME)";
				TEST_HOST = "$(BUILT_PRODUCTS_DIR)/TodoApp.app/TodoApp";
			};
			name = Release;
		};
/* End XCBuildConfiguration section */

/* Begin XCConfigurationList section */
		39AD9CAD1AA715F9005B76CA /* Build configuration list for PBXProject "TodoApp" */ = {
			isa = XCConfigurationList;
			buildConfigurations = (
				39AD9CCF1AA715F9005B76CA /* Debug */,
				39AD9CD01AA715F9005B76CA /* Release */,
			);
			defaultConfigurationIsVisible = 0;
			defaultConfigurationName = Release;
		};
		39AD9CD11AA715F9005B76CA /* Build configuration list for PBXNativeTarget "TodoApp" */ = {
			isa = XCConfigurationList;
			buildConfigurations = (
				39AD9CD21AA715F9005B76CA /* Debug */,
				39AD9CD31AA715F9005B76CA /* Release */,
			);
			defaultConfigurationIsVisible = 0;
		};
		39AD9CD41AA715F9005B76CA /* Build configuration list for PBXNativeTarget "TodoAppTests" */ = {
			isa = XCConfigurationList;
			buildConfigurations = (
				39AD9CD51AA715F9005B76CA /* Debug */,
				39AD9CD61AA715F9005B76CA /* Release */,
			);
			defaultConfigurationIsVisible = 0;
		};
/* End XCConfigurationList section */
	};
	rootObject = 39AD9CAA1AA715F9005B76CA /* Project object */;
}
